
Microsoft Visual Studio Solution File, Format Version 12.00
# Visual Studio Version 17
VisualStudioVersion = 17.5.002.0
MinimumVisualStudioVersion = 10.0.40219.1
Project("{2150E333-8FDC-42A3-9474-1A3956D46DE8}") = "Finished", "Finished", "{AC87564D-6DD7-4D3C-8321-5E4688F4792F}"
EndProject
Project("{2150E333-8FDC-42A3-9474-1A3956D46DE8}") = "NumbersDates", "NumbersDates", "{8FCE4C13-8512-4477-A390-2E955D14C958}"
EndProject
Project("{9A19103F-16F7-4668-BE54-9A1E7A4F7556}") = "Challenge", "Finished\NumbersDates\Challenge\Challenge.csproj", "{CECFED7F-1211-4FB1-A09E-321339D3C4F1}"
EndProject
Project("{9A19103F-16F7-4668-BE54-9A1E7A4F7556}") = "ParseNumbers", "Finished\NumbersDates\ParseNumbers\ParseNumbers.csproj", "{6E7ECC95-AAEE-4241-AF17-6F06D6910995}"
EndProject
Project("{9A19103F-16F7-4668-BE54-9A1E7A4F7556}") = "FormatDates", "Finished\NumbersDates\FormatDates\FormatDates.csproj", "{BE4732EB-98EB-4389-BF34-F56943A8EA67}"
EndProject
Project("{9A19103F-16F7-4668-BE54-9A1E7A4F7556}") = "ParseDates", "Finished\NumbersDates\ParseDates\ParseDates.csproj", "{C359B0A1-689F-4C54-AF0D-0E17F64D7F80}"
EndProject
Project("{9A19103F-16F7-4668-BE54-9A1E7A4F7556}") = "DateTimeClass", "Finished\NumbersDates\DateTimeClass\DateTimeClass.csproj", "{F695EBDB-6377-4B92-A678-040DED716D79}"
EndProject
Project("{9A19103F-16F7-4668-BE54-9A1E7A4F7556}") = "FormatNumbers", "Finished\NumbersDates\FormatNumbers\FormatNumbers.csproj", "{552E3F05-AE89-4A88-8367-D64B5441D91C}"
EndProject
Project("{2150E333-8FDC-42A3-9474-1A3956D46DE8}") = "Strings", "Strings", "{D004516F-0A93-489A-9E34-6901E50C508C}"
EndProject
Project("{9A19103F-16F7-4668-BE54-9A1E7A4F7556}") = "Interpolation", "Finished\Strings\Interpolation\Interpolation.csproj", "{E3716380-2EBB-4555-BF4F-2F41CA05C986}"
EndProject
Project("{9A19103F-16F7-4668-BE54-9A1E7A4F7556}") = "Formatting", "Finished\Strings\Formatting\Formatting.csproj", "{28A38936-9268-4B94-9C7F-01213E7B8ADC}"
EndProject
Project("{9A19103F-16F7-4668-BE54-9A1E7A4F7556}") = "Searching", "Finished\Strings\Searching\Searching.csproj", "{E8510CCE-4F2E-4E35-ADE7-7BDC22AB323E}"
EndProject
Project("{9A19103F-16F7-4668-BE54-9A1E7A4F7556}") = "Manipulation", "Finished\Strings\Manipulation\Manipulation.csproj", "{6EAFAC7F-E846-4C81-8744-723871B59CA4}"
EndProject
Project("{2150E333-8FDC-42A3-9474-1A3956D46DE8}") = "Overview", "Overview", "{B7B15EC0-A729-4782-A9C3-0FE2DB9434AB}"
EndProject
Project("{9A19103F-16F7-4668-BE54-9A1E7A4F7556}") = "MyConsoleApp", "Finished\Overview\MyConsoleApp\MyConsoleApp.csproj", "{B55323D8-59A4-4A08-A363-C84CE700448D}"
EndProject
Project("{9A19103F-16F7-4668-BE54-9A1E7A4F7556}") = "DataTypes", "Finished\Overview\DataTypes\DataTypes.csproj", "{C6CF5845-81F7-4637-8FF0-2F617DACD208}"
EndProject
Project("{9A19103F-16F7-4668-BE54-9A1E7A4F7556}") = "GarbageCollect", "Finished\Overview\GarbageCollect\GarbageCollect.csproj", "{C56D161D-9324-4755-8E3F-D8232FC267A2}"
EndProject
Project("{2150E333-8FDC-42A3-9474-1A3956D46DE8}") = "Files", "Files", "{7E35F473-B5FF-4F53-A4A4-A0521409C3A6}"
EndProject
Project("{9A19103F-16F7-4668-BE54-9A1E7A4F7556}") = "Challenge", "Finished\Files\Challenge\Challenge.csproj", "{531C8E58-97A5-45E1-AF07-3A4C9535C1C9}"
EndProject
Project("{9A19103F-16F7-4668-BE54-9A1E7A4F7556}") = "FileInfo", "Finished\Files\FileInfo\FileInfo.csproj", "{249B0F49-FE7D-4966-93A3-72B0DF093FE0}"
EndProject
Project("{9A19103F-16F7-4668-BE54-9A1E7A4F7556}") = "Directories", "Finished\Files\Directories\Directories.csproj", "{108295AA-72BA-44E6-8ACE-744D4AF44B58}"
EndProject
Project("{9A19103F-16F7-4668-BE54-9A1E7A4F7556}") = "ReadWriteFiles", "Finished\Files\ReadWriteFiles\ReadWriteFiles.csproj", "{0E0E7575-43DE-40A9-9EA1-FD64837020B2}"
EndProject
Project("{9A19103F-16F7-4668-BE54-9A1E7A4F7556}") = "CreateFiles", "Finished\Files\CreateFiles\CreateFiles.csproj", "{CDF7E75A-00CF-47EC-9D46-35F836ECD1A6}"
EndProject
Project("{2150E333-8FDC-42A3-9474-1A3956D46DE8}") = "Regex", "Regex", "{69736BE7-5057-4D3F-A996-DBE031FFA8A5}"
EndProject
Project("{9A19103F-16F7-4668-BE54-9A1E7A4F7556}") = "RegexTimeouts", "Finished\Regex\Timeouts\RegexTimeouts.csproj", "{C2D50AD9-66AC-4B72-881F-8007E564422A}"
EndProject
Project("{9A19103F-16F7-4668-BE54-9A1E7A4F7556}") = "Challenge", "Finished\Regex\Challenge\Challenge.csproj", "{C0294D18-01C1-4945-A8BB-DCA422048CF9}"
EndProject
Project("{9A19103F-16F7-4668-BE54-9A1E7A4F7556}") = "Replacing", "Finished\Regex\Replacing\Replacing.csproj", "{E7C68073-79A6-4BB1-9436-1DA448C06A66}"
EndProject
Project("{9A19103F-16F7-4668-BE54-9A1E7A4F7556}") = "Finding", "Finished\Regex\Finding\Finding.csproj", "{2B16D19A-5810-4AAC-A84F-ADD1291BC57A}"
EndProject
Project("{2150E333-8FDC-42A3-9474-1A3956D46DE8}") = "Start", "Start", "{785417E5-BE07-4510-9670-FA015D702B65}"
EndProject
Project("{2150E333-8FDC-42A3-9474-1A3956D46DE8}") = "NumbersDates", "NumbersDates", "{24DE7FC8-7487-44AC-955F-155BC01B9A90}"
EndProject
Project("{9A19103F-16F7-4668-BE54-9A1E7A4F7556}") = "ParseNumbers", "Start\NumbersDates\ParseNumbers\ParseNumbers.csproj", "{E457A2A7-7045-47AD-AC7B-0ED73741F0C0}"
EndProject
Project("{9A19103F-16F7-4668-BE54-9A1E7A4F7556}") = "FormatDates", "Start\NumbersDates\FormatDates\FormatDates.csproj", "{055B8267-6B1F-45D3-BABB-BC963C23D433}"
EndProject
Project("{9A19103F-16F7-4668-BE54-9A1E7A4F7556}") = "ParseDates", "Start\NumbersDates\ParseDates\ParseDates.csproj", "{3618A9EE-67DE-47D0-963D-61CAA49D0146}"
EndProject
Project("{9A19103F-16F7-4668-BE54-9A1E7A4F7556}") = "DateTimeClass", "Start\NumbersDates\DateTimeClass\DateTimeClass.csproj", "{16A38F7B-CE4E-4801-97E9-8EE35DF9A383}"
EndProject
Project("{9A19103F-16F7-4668-BE54-9A1E7A4F7556}") = "FormatNumbers", "Start\NumbersDates\FormatNumbers\FormatNumbers.csproj", "{594D4BBC-DD89-4D66-ADD3-EC731D493DA1}"
EndProject
Project("{2150E333-8FDC-42A3-9474-1A3956D46DE8}") = "Strings", "Strings", "{8B0E76A5-4140-42F2-88F3-2515F5D9FB5D}"
EndProject
Project("{9A19103F-16F7-4668-BE54-9A1E7A4F7556}") = "Interpolation", "Start\Strings\Interpolation\Interpolation.csproj", "{ED384897-8C62-4AA8-94CA-D83AF5694370}"
EndProject
Project("{9A19103F-16F7-4668-BE54-9A1E7A4F7556}") = "Formatting", "Start\Strings\Formatting\Formatting.csproj", "{DC167C2C-0FCC-4A44-B1AE-A406BF66CF45}"
EndProject
Project("{9A19103F-16F7-4668-BE54-9A1E7A4F7556}") = "Searching", "Start\Strings\Searching\Searching.csproj", "{DD70039D-45E1-4A0D-8394-5A080051BC12}"
EndProject
Project("{9A19103F-16F7-4668-BE54-9A1E7A4F7556}") = "Manipulation", "Start\Strings\Manipulation\Manipulation.csproj", "{A289EEC2-7F57-48DD-AD59-685F3663C41C}"
EndProject
Project("{2150E333-8FDC-42A3-9474-1A3956D46DE8}") = "Overview", "Overview", "{C68AFF08-D732-48CB-A9E3-6DE4CB9DE5DB}"
EndProject
Project("{9A19103F-16F7-4668-BE54-9A1E7A4F7556}") = "MyConsoleApp", "Start\Overview\MyConsoleApp\MyConsoleApp.csproj", "{9DA55F88-9201-4953-9758-4761AF22AA49}"
EndProject
Project("{9A19103F-16F7-4668-BE54-9A1E7A4F7556}") = "DataTypes", "Start\Overview\DataTypes\DataTypes.csproj", "{8401E9DB-5C64-4B55-BBC4-44B711E16D8F}"
EndProject
Project("{9A19103F-16F7-4668-BE54-9A1E7A4F7556}") = "GarbageCollect", "Start\Overview\GarbageCollect\GarbageCollect.csproj", "{8D724527-3A97-49DE-B895-7B666C656E69}"
EndProject
Project("{2150E333-8FDC-42A3-9474-1A3956D46DE8}") = "Files", "Files", "{DB70EEA2-7C71-4458-9BFB-91590AE8649E}"
EndProject
Project("{9A19103F-16F7-4668-BE54-9A1E7A4F7556}") = "FileInfo", "Start\Files\FileInfo\FileInfo.csproj", "{B7439FFE-F738-46E5-8ECB-FE8A12C5DDA9}"
EndProject
Project("{9A19103F-16F7-4668-BE54-9A1E7A4F7556}") = "Directories", "Start\Files\Directories\Directories.csproj", "{2EBD8072-721D-4D69-822A-6C541C0E3B9F}"
EndProject
Project("{9A19103F-16F7-4668-BE54-9A1E7A4F7556}") = "ReadWriteFiles", "Start\Files\ReadWriteFiles\ReadWriteFiles.csproj", "{40D8852D-74BC-479E-A9D0-6DBE651B8950}"
EndProject
Project("{9A19103F-16F7-4668-BE54-9A1E7A4F7556}") = "CreateFiles", "Start\Files\CreateFiles\CreateFiles.csproj", "{72E921D4-1DA7-41A7-B123-319D181CE5DB}"
EndProject
Project("{2150E333-8FDC-42A3-9474-1A3956D46DE8}") = "Regex", "Regex", "{ECE9A83D-04BB-4BB3-BEFA-BE4313DFD260}"
EndProject
Project("{9A19103F-16F7-4668-BE54-9A1E7A4F7556}") = "RegexTimeouts", "Start\Regex\Timeouts\RegexTimeouts.csproj", "{AE71D8D6-7BB7-40DF-825B-8D3B5CB3EFFD}"
EndProject
Project("{9A19103F-16F7-4668-BE54-9A1E7A4F7556}") = "Replacing", "Start\Regex\Replacing\Replacing.csproj", "{CB29FB4A-C5D6-442B-B594-9BAF66686BF5}"
EndProject
Project("{9A19103F-16F7-4668-BE54-9A1E7A4F7556}") = "Finding", "Start\Regex\Finding\Finding.csproj", "{73BC066A-EEC3-4535-A2B2-647BB5CAC1CA}"
EndProject
Global
	GlobalSection(SolutionConfigurationPlatforms) = preSolution
		Debug|Any CPU = Debug|Any CPU
		Release|Any CPU = Release|Any CPU
	EndGlobalSection
	GlobalSection(ProjectConfigurationPlatforms) = postSolution
		{CECFED7F-1211-4FB1-A09E-321339D3C4F1}.Debug|Any CPU.ActiveCfg = Debug|Any CPU
		{CECFED7F-1211-4FB1-A09E-321339D3C4F1}.Debug|Any CPU.Build.0 = Debug|Any CPU
		{CECFED7F-1211-4FB1-A09E-321339D3C4F1}.Release|Any CPU.ActiveCfg = Release|Any CPU
		{CECFED7F-1211-4FB1-A09E-321339D3C4F1}.Release|Any CPU.Build.0 = Release|Any CPU
		{6E7ECC95-AAEE-4241-AF17-6F06D6910995}.Debug|Any CPU.ActiveCfg = Debug|Any CPU
		{6E7ECC95-AAEE-4241-AF17-6F06D6910995}.Debug|Any CPU.Build.0 = Debug|Any CPU
		{6E7ECC95-AAEE-4241-AF17-6F06D6910995}.Release|Any CPU.ActiveCfg = Release|Any CPU
		{6E7ECC95-AAEE-4241-AF17-6F06D6910995}.Release|Any CPU.Build.0 = Release|Any CPU
		{BE4732EB-98EB-4389-BF34-F56943A8EA67}.Debug|Any CPU.ActiveCfg = Debug|Any CPU
		{BE4732EB-98EB-4389-BF34-F56943A8EA67}.Debug|Any CPU.Build.0 = Debug|Any CPU
		{BE4732EB-98EB-4389-BF34-F56943A8EA67}.Release|Any CPU.ActiveCfg = Release|Any CPU
		{BE4732EB-98EB-4389-BF34-F56943A8EA67}.Release|Any CPU.Build.0 = Release|Any CPU
		{C359B0A1-689F-4C54-AF0D-0E17F64D7F80}.Debug|Any CPU.ActiveCfg = Debug|Any CPU
		{C359B0A1-689F-4C54-AF0D-0E17F64D7F80}.Debug|Any CPU.Build.0 = Debug|Any CPU
		{C359B0A1-689F-4C54-AF0D-0E17F64D7F80}.Release|Any CPU.ActiveCfg = Release|Any CPU
		{C359B0A1-689F-4C54-AF0D-0E17F64D7F80}.Release|Any CPU.Build.0 = Release|Any CPU
		{F695EBDB-6377-4B92-A678-040DED716D79}.Debug|Any CPU.ActiveCfg = Debug|Any CPU
		{F695EBDB-6377-4B92-A678-040DED716D79}.Debug|Any CPU.Build.0 = Debug|Any CPU
		{F695EBDB-6377-4B92-A678-040DED716D79}.Release|Any CPU.ActiveCfg = Release|Any CPU
		{F695EBDB-6377-4B92-A678-040DED716D79}.Release|Any CPU.Build.0 = Release|Any CPU
		{552E3F05-AE89-4A88-8367-D64B5441D91C}.Debug|Any CPU.ActiveCfg = Debug|Any CPU
		{552E3F05-AE89-4A88-8367-D64B5441D91C}.Debug|Any CPU.Build.0 = Debug|Any CPU
		{552E3F05-AE89-4A88-8367-D64B5441D91C}.Release|Any CPU.ActiveCfg = Release|Any CPU
		{552E3F05-AE89-4A88-8367-D64B5441D91C}.Release|Any CPU.Build.0 = Release|Any CPU
		{E3716380-2EBB-4555-BF4F-2F41CA05C986}.Debug|Any CPU.ActiveCfg = Debug|Any CPU
		{E3716380-2EBB-4555-BF4F-2F41CA05C986}.Debug|Any CPU.Build.0 = Debug|Any CPU
		{E3716380-2EBB-4555-BF4F-2F41CA05C986}.Release|Any CPU.ActiveCfg = Release|Any CPU
		{E3716380-2EBB-4555-BF4F-2F41CA05C986}.Release|Any CPU.Build.0 = Release|Any CPU
		{28A38936-9268-4B94-9C7F-01213E7B8ADC}.Debug|Any CPU.ActiveCfg = Debug|Any CPU
		{28A38936-9268-4B94-9C7F-01213E7B8ADC}.Debug|Any CPU.Build.0 = Debug|Any CPU
		{28A38936-9268-4B94-9C7F-01213E7B8ADC}.Release|Any CPU.ActiveCfg = Release|Any CPU
		{28A38936-9268-4B94-9C7F-01213E7B8ADC}.Release|Any CPU.Build.0 = Release|Any CPU
		{E8510CCE-4F2E-4E35-ADE7-7BDC22AB323E}.Debug|Any CPU.ActiveCfg = Debug|Any CPU
		{E8510CCE-4F2E-4E35-ADE7-7BDC22AB323E}.Debug|Any CPU.Build.0 = Debug|Any CPU
		{E8510CCE-4F2E-4E35-ADE7-7BDC22AB323E}.Release|Any CPU.ActiveCfg = Release|Any CPU
		{E8510CCE-4F2E-4E35-ADE7-7BDC22AB323E}.Release|Any CPU.Build.0 = Release|Any CPU
		{6EAFAC7F-E846-4C81-8744-723871B59CA4}.Debug|Any CPU.ActiveCfg = Debug|Any CPU
		{6EAFAC7F-E846-4C81-8744-723871B59CA4}.Debug|Any CPU.Build.0 = Debug|Any CPU
		{6EAFAC7F-E846-4C81-8744-723871B59CA4}.Release|Any CPU.ActiveCfg = Release|Any CPU
		{6EAFAC7F-E846-4C81-8744-723871B59CA4}.Release|Any CPU.Build.0 = Release|Any CPU
		{B55323D8-59A4-4A08-A363-C84CE700448D}.Debug|Any CPU.ActiveCfg = Debug|Any CPU
		{B55323D8-59A4-4A08-A363-C84CE700448D}.Debug|Any CPU.Build.0 = Debug|Any CPU
		{B55323D8-59A4-4A08-A363-C84CE700448D}.Release|Any CPU.ActiveCfg = Release|Any CPU
		{B55323D8-59A4-4A08-A363-C84CE700448D}.Release|Any CPU.Build.0 = Release|Any CPU
		{C6CF5845-81F7-4637-8FF0-2F617DACD208}.Debug|Any CPU.ActiveCfg = Debug|Any CPU
		{C6CF5845-81F7-4637-8FF0-2F617DACD208}.Debug|Any CPU.Build.0 = Debug|Any CPU
		{C6CF5845-81F7-4637-8FF0-2F617DACD208}.Release|Any CPU.ActiveCfg = Release|Any CPU
		{C6CF5845-81F7-4637-8FF0-2F617DACD208}.Release|Any CPU.Build.0 = Release|Any CPU
		{C56D161D-9324-4755-8E3F-D8232FC267A2}.Debug|Any CPU.ActiveCfg = Debug|Any CPU
		{C56D161D-9324-4755-8E3F-D8232FC267A2}.Debug|Any CPU.Build.0 = Debug|Any CPU
		{C56D161D-9324-4755-8E3F-D8232FC267A2}.Release|Any CPU.ActiveCfg = Release|Any CPU
		{C56D161D-9324-4755-8E3F-D8232FC267A2}.Release|Any CPU.Build.0 = Release|Any CPU
		{531C8E58-97A5-45E1-AF07-3A4C9535C1C9}.Debug|Any CPU.ActiveCfg = Debug|Any CPU
		{531C8E58-97A5-45E1-AF07-3A4C9535C1C9}.Debug|Any CPU.Build.0 = Debug|Any CPU
		{531C8E58-97A5-45E1-AF07-3A4C9535C1C9}.Release|Any CPU.ActiveCfg = Release|Any CPU
		{531C8E58-97A5-45E1-AF07-3A4C9535C1C9}.Release|Any CPU.Build.0 = Release|Any CPU
		{249B0F49-FE7D-4966-93A3-72B0DF093FE0}.Debug|Any CPU.ActiveCfg = Debug|Any CPU
		{249B0F49-FE7D-4966-93A3-72B0DF093FE0}.Debug|Any CPU.Build.0 = Debug|Any CPU
		{249B0F49-FE7D-4966-93A3-72B0DF093FE0}.Release|Any CPU.ActiveCfg = Release|Any CPU
		{249B0F49-FE7D-4966-93A3-72B0DF093FE0}.Release|Any CPU.Build.0 = Release|Any CPU
		{108295AA-72BA-44E6-8ACE-744D4AF44B58}.Debug|Any CPU.ActiveCfg = Debug|Any CPU
		{108295AA-72BA-44E6-8ACE-744D4AF44B58}.Debug|Any CPU.Build.0 = Debug|Any CPU
		{108295AA-72BA-44E6-8ACE-744D4AF44B58}.Release|Any CPU.ActiveCfg = Release|Any CPU
		{108295AA-72BA-44E6-8ACE-744D4AF44B58}.Release|Any CPU.Build.0 = Release|Any CPU
		{0E0E7575-43DE-40A9-9EA1-FD64837020B2}.Debug|Any CPU.ActiveCfg = Debug|Any CPU
		{0E0E7575-43DE-40A9-9EA1-FD64837020B2}.Debug|Any CPU.Build.0 = Debug|Any CPU
		{0E0E7575-43DE-40A9-9EA1-FD64837020B2}.Release|Any CPU.ActiveCfg = Release|Any CPU
		{0E0E7575-43DE-40A9-9EA1-FD64837020B2}.Release|Any CPU.Build.0 = Release|Any CPU
		{CDF7E75A-00CF-47EC-9D46-35F836ECD1A6}.Debug|Any CPU.ActiveCfg = Debug|Any CPU
		{CDF7E75A-00CF-47EC-9D46-35F836ECD1A6}.Debug|Any CPU.Build.0 = Debug|Any CPU
		{CDF7E75A-00CF-47EC-9D46-35F836ECD1A6}.Release|Any CPU.ActiveCfg = Release|Any CPU
		{CDF7E75A-00CF-47EC-9D46-35F836ECD1A6}.Release|Any CPU.Build.0 = Release|Any CPU
		{C2D50AD9-66AC-4B72-881F-8007E564422A}.Debug|Any CPU.ActiveCfg = Debug|Any CPU
		{C2D50AD9-66AC-4B72-881F-8007E564422A}.Debug|Any CPU.Build.0 = Debug|Any CPU
		{C2D50AD9-66AC-4B72-881F-8007E564422A}.Release|Any CPU.ActiveCfg = Release|Any CPU
		{C2D50AD9-66AC-4B72-881F-8007E564422A}.Release|Any CPU.Build.0 = Release|Any CPU
		{C0294D18-01C1-4945-A8BB-DCA422048CF9}.Debug|Any CPU.ActiveCfg = Debug|Any CPU
		{C0294D18-01C1-4945-A8BB-DCA422048CF9}.Debug|Any CPU.Build.0 = Debug|Any CPU
		{C0294D18-01C1-4945-A8BB-DCA422048CF9}.Release|Any CPU.ActiveCfg = Release|Any CPU
		{C0294D18-01C1-4945-A8BB-DCA422048CF9}.Release|Any CPU.Build.0 = Release|Any CPU
		{E7C68073-79A6-4BB1-9436-1DA448C06A66}.Debug|Any CPU.ActiveCfg = Debug|Any CPU
		{E7C68073-79A6-4BB1-9436-1DA448C06A66}.Debug|Any CPU.Build.0 = Debug|Any CPU
		{E7C68073-79A6-4BB1-9436-1DA448C06A66}.Release|Any CPU.ActiveCfg = Release|Any CPU
		{E7C68073-79A6-4BB1-9436-1DA448C06A66}.Release|Any CPU.Build.0 = Release|Any CPU
		{2B16D19A-5810-4AAC-A84F-ADD1291BC57A}.Debug|Any CPU.ActiveCfg = Debug|Any CPU
		{2B16D19A-5810-4AAC-A84F-ADD1291BC57A}.Debug|Any CPU.Build.0 = Debug|Any CPU
		{2B16D19A-5810-4AAC-A84F-ADD1291BC57A}.Release|Any CPU.ActiveCfg = Release|Any CPU
		{2B16D19A-5810-4AAC-A84F-ADD1291BC57A}.Release|Any CPU.Build.0 = Release|Any CPU
		{E457A2A7-7045-47AD-AC7B-0ED73741F0C0}.Debug|Any CPU.ActiveCfg = Debug|Any CPU
		{E457A2A7-7045-47AD-AC7B-0ED73741F0C0}.Debug|Any CPU.Build.0 = Debug|Any CPU
		{E457A2A7-7045-47AD-AC7B-0ED73741F0C0}.Release|Any CPU.ActiveCfg = Release|Any CPU
		{E457A2A7-7045-47AD-AC7B-0ED73741F0C0}.Release|Any CPU.Build.0 = Release|Any CPU
		{055B8267-6B1F-45D3-BABB-BC963C23D433}.Debug|Any CPU.ActiveCfg = Debug|Any CPU
		{055B8267-6B1F-45D3-BABB-BC963C23D433}.Debug|Any CPU.Build.0 = Debug|Any CPU
		{055B8267-6B1F-45D3-BABB-BC963C23D433}.Release|Any CPU.ActiveCfg = Release|Any CPU
		{055B8267-6B1F-45D3-BABB-BC963C23D433}.Release|Any CPU.Build.0 = Release|Any CPU
		{3618A9EE-67DE-47D0-963D-61CAA49D0146}.Debug|Any CPU.ActiveCfg = Debug|Any CPU
		{3618A9EE-67DE-47D0-963D-61CAA49D0146}.Debug|Any CPU.Build.0 = Debug|Any CPU
		{3618A9EE-67DE-47D0-963D-61CAA49D0146}.Release|Any CPU.ActiveCfg = Release|Any CPU
		{3618A9EE-67DE-47D0-963D-61CAA49D0146}.Release|Any CPU.Build.0 = Release|Any CPU
		{16A38F7B-CE4E-4801-97E9-8EE35DF9A383}.Debug|Any CPU.ActiveCfg = Debug|Any CPU
		{16A38F7B-CE4E-4801-97E9-8EE35DF9A383}.Debug|Any CPU.Build.0 = Debug|Any CPU
		{16A38F7B-CE4E-4801-97E9-8EE35DF9A383}.Release|Any CPU.ActiveCfg = Release|Any CPU
		{16A38F7B-CE4E-4801-97E9-8EE35DF9A383}.Release|Any CPU.Build.0 = Release|Any CPU
		{594D4BBC-DD89-4D66-ADD3-EC731D493DA1}.Debug|Any CPU.ActiveCfg = Debug|Any CPU
		{594D4BBC-DD89-4D66-ADD3-EC731D493DA1}.Debug|Any CPU.Build.0 = Debug|Any CPU
		{594D4BBC-DD89-4D66-ADD3-EC731D493DA1}.Release|Any CPU.ActiveCfg = Release|Any CPU
		{594D4BBC-DD89-4D66-ADD3-EC731D493DA1}.Release|Any CPU.Build.0 = Release|Any CPU
		{ED384897-8C62-4AA8-94CA-D83AF5694370}.Debug|Any CPU.ActiveCfg = Debug|Any CPU
		{ED384897-8C62-4AA8-94CA-D83AF5694370}.Debug|Any CPU.Build.0 = Debug|Any CPU
		{ED384897-8C62-4AA8-94CA-D83AF5694370}.Release|Any CPU.ActiveCfg = Release|Any CPU
		{ED384897-8C62-4AA8-94CA-D83AF5694370}.Release|Any CPU.Build.0 = Release|Any CPU
		{DC167C2C-0FCC-4A44-B1AE-A406BF66CF45}.Debug|Any CPU.ActiveCfg = Debug|Any CPU
		{DC167C2C-0FCC-4A44-B1AE-A406BF66CF45}.Debug|Any CPU.Build.0 = Debug|Any CPU
		{DC167C2C-0FCC-4A44-B1AE-A406BF66CF45}.Release|Any CPU.ActiveCfg = Release|Any CPU
		{DC167C2C-0FCC-4A44-B1AE-A406BF66CF45}.Release|Any CPU.Build.0 = Release|Any CPU
		{DD70039D-45E1-4A0D-8394-5A080051BC12}.Debug|Any CPU.ActiveCfg = Debug|Any CPU
		{DD70039D-45E1-4A0D-8394-5A080051BC12}.Debug|Any CPU.Build.0 = Debug|Any CPU
		{DD70039D-45E1-4A0D-8394-5A080051BC12}.Release|Any CPU.ActiveCfg = Release|Any CPU
		{DD70039D-45E1-4A0D-8394-5A080051BC12}.Release|Any CPU.Build.0 = Release|Any CPU
		{A289EEC2-7F57-48DD-AD59-685F3663C41C}.Debug|Any CPU.ActiveCfg = Debug|Any CPU
		{A289EEC2-7F57-48DD-AD59-685F3663C41C}.Debug|Any CPU.Build.0 = Debug|Any CPU
		{A289EEC2-7F57-48DD-AD59-685F3663C41C}.Release|Any CPU.ActiveCfg = Release|Any CPU
		{A289EEC2-7F57-48DD-AD59-685F3663C41C}.Release|Any CPU.Build.0 = Release|Any CPU
		{9DA55F88-9201-4953-9758-4761AF22AA49}.Debug|Any CPU.ActiveCfg = Debug|Any CPU
		{9DA55F88-9201-4953-9758-4761AF22AA49}.Debug|Any CPU.Build.0 = Debug|Any CPU
		{9DA55F88-9201-4953-9758-4761AF22AA49}.Release|Any CPU.ActiveCfg = Release|Any CPU
		{9DA55F88-9201-4953-9758-4761AF22AA49}.Release|Any CPU.Build.0 = Release|Any CPU
		{8401E9DB-5C64-4B55-BBC4-44B711E16D8F}.Debug|Any CPU.ActiveCfg = Debug|Any CPU
		{8401E9DB-5C64-4B55-BBC4-44B711E16D8F}.Debug|Any CPU.Build.0 = Debug|Any CPU
		{8401E9DB-5C64-4B55-BBC4-44B711E16D8F}.Release|Any CPU.ActiveCfg = Release|Any CPU
		{8401E9DB-5C64-4B55-BBC4-44B711E16D8F}.Release|Any CPU.Build.0 = Release|Any CPU
		{8D724527-3A97-49DE-B895-7B666C656E69}.Debug|Any CPU.ActiveCfg = Debug|Any CPU
		{8D724527-3A97-49DE-B895-7B666C656E69}.Debug|Any CPU.Build.0 = Debug|Any CPU
		{8D724527-3A97-49DE-B895-7B666C656E69}.Release|Any CPU.ActiveCfg = Release|Any CPU
		{8D724527-3A97-49DE-B895-7B666C656E69}.Release|Any CPU.Build.0 = Release|Any CPU
		{B7439FFE-F738-46E5-8ECB-FE8A12C5DDA9}.Debug|Any CPU.ActiveCfg = Debug|Any CPU
		{B7439FFE-F738-46E5-8ECB-FE8A12C5DDA9}.Debug|Any CPU.Build.0 = Debug|Any CPU
		{B7439FFE-F738-46E5-8ECB-FE8A12C5DDA9}.Release|Any CPU.ActiveCfg = Release|Any CPU
		{B7439FFE-F738-46E5-8ECB-FE8A12C5DDA9}.Release|Any CPU.Build.0 = Release|Any CPU
		{2EBD8072-721D-4D69-822A-6C541C0E3B9F}.Debug|Any CPU.ActiveCfg = Debug|Any CPU
		{2EBD8072-721D-4D69-822A-6C541C0E3B9F}.Debug|Any CPU.Build.0 = Debug|Any CPU
		{2EBD8072-721D-4D69-822A-6C541C0E3B9F}.Release|Any CPU.ActiveCfg = Release|Any CPU
		{2EBD8072-721D-4D69-822A-6C541C0E3B9F}.Release|Any CPU.Build.0 = Release|Any CPU
		{40D8852D-74BC-479E-A9D0-6DBE651B8950}.Debug|Any CPU.ActiveCfg = Debug|Any CPU
		{40D8852D-74BC-479E-A9D0-6DBE651B8950}.Debug|Any CPU.Build.0 = Debug|Any CPU
		{40D8852D-74BC-479E-A9D0-6DBE651B8950}.Release|Any CPU.ActiveCfg = Release|Any CPU
		{40D8852D-74BC-479E-A9D0-6DBE651B8950}.Release|Any CPU.Build.0 = Release|Any CPU
		{72E921D4-1DA7-41A7-B123-319D181CE5DB}.Debug|Any CPU.ActiveCfg = Debug|Any CPU
		{72E921D4-1DA7-41A7-B123-319D181CE5DB}.Debug|Any CPU.Build.0 = Debug|Any CPU
		{72E921D4-1DA7-41A7-B123-319D181CE5DB}.Release|Any CPU.ActiveCfg = Release|Any CPU
		{72E921D4-1DA7-41A7-B123-319D181CE5DB}.Release|Any CPU.Build.0 = Release|Any CPU
		{AE71D8D6-7BB7-40DF-825B-8D3B5CB3EFFD}.Debug|Any CPU.ActiveCfg = Debug|Any CPU
		{AE71D8D6-7BB7-40DF-825B-8D3B5CB3EFFD}.Debug|Any CPU.Build.0 = Debug|Any CPU
		{AE71D8D6-7BB7-40DF-825B-8D3B5CB3EFFD}.Release|Any CPU.ActiveCfg = Release|Any CPU
		{AE71D8D6-7BB7-40DF-825B-8D3B5CB3EFFD}.Release|Any CPU.Build.0 = Release|Any CPU
		{CB29FB4A-C5D6-442B-B594-9BAF66686BF5}.Debug|Any CPU.ActiveCfg = Debug|Any CPU
		{CB29FB4A-C5D6-442B-B594-9BAF66686BF5}.Debug|Any CPU.Build.0 = Debug|Any CPU
		{CB29FB4A-C5D6-442B-B594-9BAF66686BF5}.Release|Any CPU.ActiveCfg = Release|Any CPU
		{CB29FB4A-C5D6-442B-B594-9BAF66686BF5}.Release|Any CPU.Build.0 = Release|Any CPU
		{73BC066A-EEC3-4535-A2B2-647BB5CAC1CA}.Debug|Any CPU.ActiveCfg = Debug|Any CPU
		{73BC066A-EEC3-4535-A2B2-647BB5CAC1CA}.Debug|Any CPU.Build.0 = Debug|Any CPU
		{73BC066A-EEC3-4535-A2B2-647BB5CAC1CA}.Release|Any CPU.ActiveCfg = Release|Any CPU
		{73BC066A-EEC3-4535-A2B2-647BB5CAC1CA}.Release|Any CPU.Build.0 = Release|Any CPU
	EndGlobalSection
	GlobalSection(SolutionProperties) = preSolution
		HideSolutionNode = FALSE
	EndGlobalSection
	GlobalSection(NestedProjects) = preSolution
		{8FCE4C13-8512-4477-A390-2E955D14C958} = {AC87564D-6DD7-4D3C-8321-5E4688F4792F}
		{CECFED7F-1211-4FB1-A09E-321339D3C4F1} = {8FCE4C13-8512-4477-A390-2E955D14C958}
		{6E7ECC95-AAEE-4241-AF17-6F06D6910995} = {8FCE4C13-8512-4477-A390-2E955D14C958}
		{BE4732EB-98EB-4389-BF34-F56943A8EA67} = {8FCE4C13-8512-4477-A390-2E955D14C958}
		{C359B0A1-689F-4C54-AF0D-0E17F64D7F80} = {8FCE4C13-8512-4477-A390-2E955D14C958}
		{F695EBDB-6377-4B92-A678-040DED716D79} = {8FCE4C13-8512-4477-A390-2E955D14C958}
		{552E3F05-AE89-4A88-8367-D64B5441D91C} = {8FCE4C13-8512-4477-A390-2E955D14C958}
		{D004516F-0A93-489A-9E34-6901E50C508C} = {AC87564D-6DD7-4D3C-8321-5E4688F4792F}
		{E3716380-2EBB-4555-BF4F-2F41CA05C986} = {D004516F-0A93-489A-9E34-6901E50C508C}
		{28A38936-9268-4B94-9C7F-01213E7B8ADC} = {D004516F-0A93-489A-9E34-6901E50C508C}
		{E8510CCE-4F2E-4E35-ADE7-7BDC22AB323E} = {D004516F-0A93-489A-9E34-6901E50C508C}
		{6EAFAC7F-E846-4C81-8744-723871B59CA4} = {D004516F-0A93-489A-9E34-6901E50C508C}
		{B7B15EC0-A729-4782-A9C3-0FE2DB9434AB} = {AC87564D-6DD7-4D3C-8321-5E4688F4792F}
		{B55323D8-59A4-4A08-A363-C84CE700448D} = {B7B15EC0-A729-4782-A9C3-0FE2DB9434AB}
		{C6CF5845-81F7-4637-8FF0-2F617DACD208} = {B7B15EC0-A729-4782-A9C3-0FE2DB9434AB}
		{C56D161D-9324-4755-8E3F-D8232FC267A2} = {B7B15EC0-A729-4782-A9C3-0FE2DB9434AB}
		{7E35F473-B5FF-4F53-A4A4-A0521409C3A6} = {AC87564D-6DD7-4D3C-8321-5E4688F4792F}
		{531C8E58-97A5-45E1-AF07-3A4C9535C1C9} = {7E35F473-B5FF-4F53-A4A4-A0521409C3A6}
		{249B0F49-FE7D-4966-93A3-72B0DF093FE0} = {7E35F473-B5FF-4F53-A4A4-A0521409C3A6}
		{108295AA-72BA-44E6-8ACE-744D4AF44B58} = {7E35F473-B5FF-4F53-A4A4-A0521409C3A6}
		{0E0E7575-43DE-40A9-9EA1-FD64837020B2} = {7E35F473-B5FF-4F53-A4A4-A0521409C3A6}
		{CDF7E75A-00CF-47EC-9D46-35F836ECD1A6} = {7E35F473-B5FF-4F53-A4A4-A0521409C3A6}
		{69736BE7-5057-4D3F-A996-DBE031FFA8A5} = {AC87564D-6DD7-4D3C-8321-5E4688F4792F}
		{C2D50AD9-66AC-4B72-881F-8007E564422A} = {69736BE7-5057-4D3F-A996-DBE031FFA8A5}
		{C0294D18-01C1-4945-A8BB-DCA422048CF9} = {69736BE7-5057-4D3F-A996-DBE031FFA8A5}
		{E7C68073-79A6-4BB1-9436-1DA448C06A66} = {69736BE7-5057-4D3F-A996-DBE031FFA8A5}
		{2B16D19A-5810-4AAC-A84F-ADD1291BC57A} = {69736BE7-5057-4D3F-A996-DBE031FFA8A5}
		{24DE7FC8-7487-44AC-955F-155BC01B9A90} = {785417E5-BE07-4510-9670-FA015D702B65}
		{E457A2A7-7045-47AD-AC7B-0ED73741F0C0} = {24DE7FC8-7487-44AC-955F-155BC01B9A90}
		{055B8267-6B1F-45D3-BABB-BC963C23D433} = {24DE7FC8-7487-44AC-955F-155BC01B9A90}
		{3618A9EE-67DE-47D0-963D-61CAA49D0146} = {24DE7FC8-7487-44AC-955F-155BC01B9A90}
		{16A38F7B-CE4E-4801-97E9-8EE35DF9A383} = {24DE7FC8-7487-44AC-955F-155BC01B9A90}
		{594D4BBC-DD89-4D66-ADD3-EC731D493DA1} = {24DE7FC8-7487-44AC-955F-155BC01B9A90}
		{8B0E76A5-4140-42F2-88F3-2515F5D9FB5D} = {785417E5-BE07-4510-9670-FA015D702B65}
		{ED384897-8C62-4AA8-94CA-D83AF5694370} = {8B0E76A5-4140-42F2-88F3-2515F5D9FB5D}
		{DC167C2C-0FCC-4A44-B1AE-A406BF66CF45} = {8B0E76A5-4140-42F2-88F3-2515F5D9FB5D}
		{DD70039D-45E1-4A0D-8394-5A080051BC12} = {8B0E76A5-4140-42F2-88F3-2515F5D9FB5D}
		{A289EEC2-7F57-48DD-AD59-685F3663C41C} = {8B0E76A5-4140-42F2-88F3-2515F5D9FB5D}
		{C68AFF08-D732-48CB-A9E3-6DE4CB9DE5DB} = {785417E5-BE07-4510-9670-FA015D702B65}
		{9DA55F88-9201-4953-9758-4761AF22AA49} = {C68AFF08-D732-48CB-A9E3-6DE4CB9DE5DB}
		{8401E9DB-5C64-4B55-BBC4-44B711E16D8F} = {C68AFF08-D732-48CB-A9E3-6DE4CB9DE5DB}
		{8D724527-3A97-49DE-B895-7B666C656E69} = {C68AFF08-D732-48CB-A9E3-6DE4CB9DE5DB}
		{DB70EEA2-7C71-4458-9BFB-91590AE8649E} = {785417E5-BE07-4510-9670-FA015D702B65}
		{B7439FFE-F738-46E5-8ECB-FE8A12C5DDA9} = {DB70EEA2-7C71-4458-9BFB-91590AE8649E}
		{2EBD8072-721D-4D69-822A-6C541C0E3B9F} = {DB70EEA2-7C71-4458-9BFB-91590AE8649E}
		{40D8852D-74BC-479E-A9D0-6DBE651B8950} = {DB70EEA2-7C71-4458-9BFB-91590AE8649E}
		{72E921D4-1DA7-41A7-B123-319D181CE5DB} = {DB70EEA2-7C71-4458-9BFB-91590AE8649E}
		{ECE9A83D-04BB-4BB3-BEFA-BE4313DFD260} = {785417E5-BE07-4510-9670-FA015D702B65}
		{AE71D8D6-7BB7-40DF-825B-8D3B5CB3EFFD} = {ECE9A83D-04BB-4BB3-BEFA-BE4313DFD260}
		{CB29FB4A-C5D6-442B-B594-9BAF66686BF5} = {ECE9A83D-04BB-4BB3-BEFA-BE4313DFD260}
		{73BC066A-EEC3-4535-A2B2-647BB5CAC1CA} = {ECE9A83D-04BB-4BB3-BEFA-BE4313DFD260}
	EndGlobalSection
	GlobalSection(ExtensibilityGlobals) = postSolution
		SolutionGuid = {860A29AF-C9AE-4347-AD49-35F6964A4318}
	EndGlobalSection
EndGlobal
